
Microsoft Visual Studio Solution File, Format Version 12.00
# Visual Studio Version 16
VisualStudioVersion = 16.0.30114.105
MinimumVisualStudioVersion = 10.0.40219.1
Project("{9A19103F-16F7-4668-BE54-9A1E7A4F7556}") = "CareerCloud.Pocos", "CareerCloud.Pocos\CareerCloud.Pocos.csproj", "{3041230F-B0B1-4244-9B91-AE5523992FCB}"
EndProject
Project("{9A19103F-16F7-4668-BE54-9A1E7A4F7556}") = "CareerCloudCore.UnitTests.Assignment1", "CareerCloudCore.UnitTests.Assignment1\CareerCloudCore.UnitTests.Assignment1\CareerCloudCore.UnitTests.Assignment1.csproj", "{A2A6CB2C-DAE1-480C-8E6E-B255B55E60D0}"
EndProject
Project("{9A19103F-16F7-4668-BE54-9A1E7A4F7556}") = "CareerCloud.DataAccessLayer", "CareerCloud.DataAccessLayer\CareerCloud.DataAccessLayer.csproj", "{C206CC56-0E3C-41C5-9469-9EE819ACC444}"
EndProject
Project("{9A19103F-16F7-4668-BE54-9A1E7A4F7556}") = "CareerCloud.ADODataAccessLayer", "CareerCloud.ADODataAccessLayer\CareerCloud.ADODataAccessLayer.csproj", "{F30A63D8-746D-4976-97BA-9010A33575AC}"
EndProject
Project("{9A19103F-16F7-4668-BE54-9A1E7A4F7556}") = "CareerCloudCore.UnitTests.Assignment2", "CareerCloudCore.UnitTests.Assignment2\CareerCloudCore.UnitTests.Assignment2.csproj", "{7FA53721-EC38-48B3-85C5-04056B31EC02}"
EndProject
Project("{9A19103F-16F7-4668-BE54-9A1E7A4F7556}") = "CareerCloud.BusinessLogicLayer", "CareerCloud.BusinessLogicLayer\CareerCloud.BusinessLogicLayer.csproj", "{090C36DE-998D-4410-A60C-7865E95B0B7C}"
EndProject
Project("{9A19103F-16F7-4668-BE54-9A1E7A4F7556}") = "CareerCloudCore.UnitTests.Assignment3", "CareerCloudCore.UnitTests.Assignment3\CareerCloudCore.UnitTests.Assignment3.csproj", "{39EF4219-3BB4-471E-B209-7D6AF04C9721}"
EndProject
Project("{9A19103F-16F7-4668-BE54-9A1E7A4F7556}") = "CareerCloudCore.UnitTests.Assignment4", "CareerCloudCore.UnitTests.Assignment4\CareerCloudCore.UnitTests.Assignment4.csproj", "{339FF206-DFE0-459A-B2BA-24B61A186BA6}"
EndProject
Project("{9A19103F-16F7-4668-BE54-9A1E7A4F7556}") = "CareerCloud.EntityFrameworkDataAccess", "CareerCloud.EntityFrameworkDataAccess\CareerCloud.EntityFrameworkDataAccess.csproj", "{EBFDAB86-2694-4116-9B5B-37CCDAAD6CAB}"
EndProject
Project("{9A19103F-16F7-4668-BE54-9A1E7A4F7556}") = "CareerCloud.WebAPI", "CareerCloud.WebAPI\CareerCloud.WebAPI.csproj", "{ACF7473D-DBCE-48A8-B18D-0690056282A3}"
EndProject
Project("{9A19103F-16F7-4668-BE54-9A1E7A4F7556}") = "CareerCloudCore.UnitTests.Assignment5", "CareerCloudCore.UnitTests.Assignment5\CareerCloudCore.UnitTests.Assignment5.csproj", "{479751C1-A0DC-449D-99DD-CE5976D4612D}"
EndProject
Project("{9A19103F-16F7-4668-BE54-9A1E7A4F7556}") = "CareerCloud.gRPC", "CareerCloud.gRPC\CareerCloud.gRPC.csproj", "{F0E4060D-768E-4FA8-A45B-06B0B8294216}"
EndProject
Global
	GlobalSection(SolutionConfigurationPlatforms) = preSolution
		Debug|Any CPU = Debug|Any CPU
		Release|Any CPU = Release|Any CPU
	EndGlobalSection
	GlobalSection(ProjectConfigurationPlatforms) = postSolution
		{3041230F-B0B1-4244-9B91-AE5523992FCB}.Debug|Any CPU.ActiveCfg = Debug|Any CPU
		{3041230F-B0B1-4244-9B91-AE5523992FCB}.Debug|Any CPU.Build.0 = Debug|Any CPU
		{3041230F-B0B1-4244-9B91-AE5523992FCB}.Release|Any CPU.ActiveCfg = Release|Any CPU
		{3041230F-B0B1-4244-9B91-AE5523992FCB}.Release|Any CPU.Build.0 = Release|Any CPU
		{A2A6CB2C-DAE1-480C-8E6E-B255B55E60D0}.Debug|Any CPU.ActiveCfg = Debug|Any CPU
		{A2A6CB2C-DAE1-480C-8E6E-B255B55E60D0}.Debug|Any CPU.Build.0 = Debug|Any CPU
		{A2A6CB2C-DAE1-480C-8E6E-B255B55E60D0}.Release|Any CPU.ActiveCfg = Release|Any CPU
		{A2A6CB2C-DAE1-480C-8E6E-B255B55E60D0}.Release|Any CPU.Build.0 = Release|Any CPU
		{C206CC56-0E3C-41C5-9469-9EE819ACC444}.Debug|Any CPU.ActiveCfg = Debug|Any CPU
		{C206CC56-0E3C-41C5-9469-9EE819ACC444}.Debug|Any CPU.Build.0 = Debug|Any CPU
		{C206CC56-0E3C-41C5-9469-9EE819ACC444}.Release|Any CPU.ActiveCfg = Release|Any CPU
		{C206CC56-0E3C-41C5-9469-9EE819ACC444}.Release|Any CPU.Build.0 = Release|Any CPU
		{F30A63D8-746D-4976-97BA-9010A33575AC}.Debug|Any CPU.ActiveCfg = Debug|Any CPU
		{F30A63D8-746D-4976-97BA-9010A33575AC}.Debug|Any CPU.Build.0 = Debug|Any CPU
		{F30A63D8-746D-4976-97BA-9010A33575AC}.Release|Any CPU.ActiveCfg = Release|Any CPU
		{F30A63D8-746D-4976-97BA-9010A33575AC}.Release|Any CPU.Build.0 = Release|Any CPU
		{7FA53721-EC38-48B3-85C5-04056B31EC02}.Debug|Any CPU.ActiveCfg = Debug|Any CPU
		{7FA53721-EC38-48B3-85C5-04056B31EC02}.Debug|Any CPU.Build.0 = Debug|Any CPU
		{7FA53721-EC38-48B3-85C5-04056B31EC02}.Release|Any CPU.ActiveCfg = Release|Any CPU
		{7FA53721-EC38-48B3-85C5-04056B31EC02}.Release|Any CPU.Build.0 = Release|Any CPU
		{090C36DE-998D-4410-A60C-7865E95B0B7C}.Debug|Any CPU.ActiveCfg = Debug|Any CPU
		{090C36DE-998D-4410-A60C-7865E95B0B7C}.Debug|Any CPU.Build.0 = Debug|Any CPU
		{090C36DE-998D-4410-A60C-7865E95B0B7C}.Release|Any CPU.ActiveCfg = Release|Any CPU
		{090C36DE-998D-4410-A60C-7865E95B0B7C}.Release|Any CPU.Build.0 = Release|Any CPU
		{39EF4219-3BB4-471E-B209-7D6AF04C9721}.Debug|Any CPU.ActiveCfg = Debug|Any CPU
		{39EF4219-3BB4-471E-B209-7D6AF04C9721}.Debug|Any CPU.Build.0 = Debug|Any CPU
		{39EF4219-3BB4-471E-B209-7D6AF04C9721}.Release|Any CPU.ActiveCfg = Release|Any CPU
		{39EF4219-3BB4-471E-B209-7D6AF04C9721}.Release|Any CPU.Build.0 = Release|Any CPU
		{339FF206-DFE0-459A-B2BA-24B61A186BA6}.Debug|Any CPU.ActiveCfg = Debug|Any CPU
		{339FF206-DFE0-459A-B2BA-24B61A186BA6}.Debug|Any CPU.Build.0 = Debug|Any CPU
		{339FF206-DFE0-459A-B2BA-24B61A186BA6}.Release|Any CPU.ActiveCfg = Release|Any CPU
		{339FF206-DFE0-459A-B2BA-24B61A186BA6}.Release|Any CPU.Build.0 = Release|Any CPU
		{EBFDAB86-2694-4116-9B5B-37CCDAAD6CAB}.Debug|Any CPU.ActiveCfg = Debug|Any CPU
		{EBFDAB86-2694-4116-9B5B-37CCDAAD6CAB}.Debug|Any CPU.Build.0 = Debug|Any CPU
		{EBFDAB86-2694-4116-9B5B-37CCDAAD6CAB}.Release|Any CPU.ActiveCfg = Release|Any CPU
		{EBFDAB86-2694-4116-9B5B-37CCDAAD6CAB}.Release|Any CPU.Build.0 = Release|Any CPU
		{ACF7473D-DBCE-48A8-B18D-0690056282A3}.Debug|Any CPU.ActiveCfg = Debug|Any CPU
		{ACF7473D-DBCE-48A8-B18D-0690056282A3}.Debug|Any CPU.Build.0 = Debug|Any CPU
		{ACF7473D-DBCE-48A8-B18D-0690056282A3}.Release|Any CPU.ActiveCfg = Release|Any CPU
		{ACF7473D-DBCE-48A8-B18D-0690056282A3}.Release|Any CPU.Build.0 = Release|Any CPU
		{479751C1-A0DC-449D-99DD-CE5976D4612D}.Debug|Any CPU.ActiveCfg = Debug|Any CPU
		{479751C1-A0DC-449D-99DD-CE5976D4612D}.Debug|Any CPU.Build.0 = Debug|Any CPU
		{479751C1-A0DC-449D-99DD-CE5976D4612D}.Release|Any CPU.ActiveCfg = Release|Any CPU
		{479751C1-A0DC-449D-99DD-CE5976D4612D}.Release|Any CPU.Build.0 = Release|Any CPU
		{F0E4060D-768E-4FA8-A45B-06B0B8294216}.Debug|Any CPU.ActiveCfg = Debug|Any CPU
		{F0E4060D-768E-4FA8-A45B-06B0B8294216}.Debug|Any CPU.Build.0 = Debug|Any CPU
		{F0E4060D-768E-4FA8-A45B-06B0B8294216}.Release|Any CPU.ActiveCfg = Release|Any CPU
		{F0E4060D-768E-4FA8-A45B-06B0B8294216}.Release|Any CPU.Build.0 = Release|Any CPU
	EndGlobalSection
	GlobalSection(SolutionProperties) = preSolution
		HideSolutionNode = FALSE
	EndGlobalSection
	GlobalSection(ExtensibilityGlobals) = postSolution
		SolutionGuid = {F3C09009-2DA4-45C9-8DBB-A8B961D0FF04}
	EndGlobalSection
EndGlobal
